
Microsoft Visual Studio Solution File, Format Version 12.00
# Visual Studio 14
VisualStudioVersion = 14.0.25123.0
MinimumVisualStudioVersion = 10.0.40219.1
Project("{FAE04EC0-301F-11D3-BF4B-00C04F79EFBC}") = "DuplicateFileCleanUp", "DuplicateFileCleanUp\DuplicateFileCleanUp.csproj", "{4E5DEAA2-3AAE-4B7D-9D8F-58825CB3DE90}"
EndProject
Project("{FAE04EC0-301F-11D3-BF4B-00C04F79EFBC}") = "DuplicateFileCleanUpTest", "DuplicateFileCleanUpTest\DuplicateFileCleanUpTest.csproj", "{71572115-6B75-4592-BAE8-F4C1CE0ECE9E}"
EndProject
Global
	GlobalSection(SolutionConfigurationPlatforms) = preSolution
		Debug|Any CPU = Debug|Any CPU
		Release|Any CPU = Release|Any CPU
	EndGlobalSection
	GlobalSection(ProjectConfigurationPlatforms) = postSolution
		{4E5DEAA2-3AAE-4B7D-9D8F-58825CB3DE90}.Debug|Any CPU.ActiveCfg = Debug|Any CPU
		{4E5DEAA2-3AAE-4B7D-9D8F-58825CB3DE90}.Debug|Any CPU.Build.0 = Debug|Any CPU
		{4E5DEAA2-3AAE-4B7D-9D8F-58825CB3DE90}.Release|Any CPU.ActiveCfg = Release|Any CPU
		{4E5DEAA2-3AAE-4B7D-9D8F-58825CB3DE90}.Release|Any CPU.Build.0 = Release|Any CPU
		{71572115-6B75-4592-BAE8-F4C1CE0ECE9E}.Debug|Any CPU.ActiveCfg = Debug|Any CPU
		{71572115-6B75-4592-BAE8-F4C1CE0ECE9E}.Debug|Any CPU.Build.0 = Debug|Any CPU
		{71572115-6B75-4592-BAE8-F4C1CE0ECE9E}.Release|Any CPU.ActiveCfg = Release|Any CPU
		{71572115-6B75-4592-BAE8-F4C1CE0ECE9E}.Release|Any CPU.Build.0 = Release|Any CPU
	EndGlobalSection
	GlobalSection(SolutionProperties) = preSolution
		HideSolutionNode = FALSE
	EndGlobalSection
EndGlobal
